
Microsoft Visual Studio Solution File, Format Version 12.00
# Visual Studio 15
VisualStudioVersion = 15.0.26124.0
MinimumVisualStudioVersion = 15.0.26124.0
Project("{FAE04EC0-301F-11D3-BF4B-00C04F79EFBC}") = "API", "API\API.csproj", "{DD18EE80-FC1F-4202-8DBE-2A58EC353F87}"
EndProject
Project("{FAE04EC0-301F-11D3-BF4B-00C04F79EFBC}") = "Core", "Core\Core.csproj", "{B677B9B7-8850-4E01-A274-7051C8944599}"
EndProject
Project("{FAE04EC0-301F-11D3-BF4B-00C04F79EFBC}") = "Infrastructure", "Infrastructure\Infrastructure.csproj", "{665CB6C1-F524-46A2-BF35-931D02EC30D0}"
EndProject
Global
	GlobalSection(SolutionConfigurationPlatforms) = preSolution
		Debug|Any CPU = Debug|Any CPU
		Debug|x64 = Debug|x64
		Debug|x86 = Debug|x86
		Release|Any CPU = Release|Any CPU
		Release|x64 = Release|x64
		Release|x86 = Release|x86
	EndGlobalSection
	GlobalSection(SolutionProperties) = preSolution
		HideSolutionNode = FALSE
	EndGlobalSection
	GlobalSection(ProjectConfigurationPlatforms) = postSolution
		{DD18EE80-FC1F-4202-8DBE-2A58EC353F87}.Debug|Any CPU.ActiveCfg = Debug|Any CPU
		{DD18EE80-FC1F-4202-8DBE-2A58EC353F87}.Debug|Any CPU.Build.0 = Debug|Any CPU
		{DD18EE80-FC1F-4202-8DBE-2A58EC353F87}.Debug|x64.ActiveCfg = Debug|Any CPU
		{DD18EE80-FC1F-4202-8DBE-2A58EC353F87}.Debug|x64.Build.0 = Debug|Any CPU
		{DD18EE80-FC1F-4202-8DBE-2A58EC353F87}.Debug|x86.ActiveCfg = Debug|Any CPU
		{DD18EE80-FC1F-4202-8DBE-2A58EC353F87}.Debug|x86.Build.0 = Debug|Any CPU
		{DD18EE80-FC1F-4202-8DBE-2A58EC353F87}.Release|Any CPU.ActiveCfg = Release|Any CPU
		{DD18EE80-FC1F-4202-8DBE-2A58EC353F87}.Release|Any CPU.Build.0 = Release|Any CPU
		{DD18EE80-FC1F-4202-8DBE-2A58EC353F87}.Release|x64.ActiveCfg = Release|Any CPU
		{DD18EE80-FC1F-4202-8DBE-2A58EC353F87}.Release|x64.Build.0 = Release|Any CPU
		{DD18EE80-FC1F-4202-8DBE-2A58EC353F87}.Release|x86.ActiveCfg = Release|Any CPU
		{DD18EE80-FC1F-4202-8DBE-2A58EC353F87}.Release|x86.Build.0 = Release|Any CPU
		{B677B9B7-8850-4E01-A274-7051C8944599}.Debug|Any CPU.ActiveCfg = Debug|Any CPU
		{B677B9B7-8850-4E01-A274-7051C8944599}.Debug|Any CPU.Build.0 = Debug|Any CPU
		{B677B9B7-8850-4E01-A274-7051C8944599}.Debug|x64.ActiveCfg = Debug|Any CPU
		{B677B9B7-8850-4E01-A274-7051C8944599}.Debug|x64.Build.0 = Debug|Any CPU
		{B677B9B7-8850-4E01-A274-7051C8944599}.Debug|x86.ActiveCfg = Debug|Any CPU
		{B677B9B7-8850-4E01-A274-7051C8944599}.Debug|x86.Build.0 = Debug|Any CPU
		{B677B9B7-8850-4E01-A274-7051C8944599}.Release|Any CPU.ActiveCfg = Release|Any CPU
		{B677B9B7-8850-4E01-A274-7051C8944599}.Release|Any CPU.Build.0 = Release|Any CPU
		{B677B9B7-8850-4E01-A274-7051C8944599}.Release|x64.ActiveCfg = Release|Any CPU
		{B677B9B7-8850-4E01-A274-7051C8944599}.Release|x64.Build.0 = Release|Any CPU
		{B677B9B7-8850-4E01-A274-7051C8944599}.Release|x86.ActiveCfg = Release|Any CPU
		{B677B9B7-8850-4E01-A274-7051C8944599}.Release|x86.Build.0 = Release|Any CPU
		{665CB6C1-F524-46A2-BF35-931D02EC30D0}.Debug|Any CPU.ActiveCfg = Debug|Any CPU
		{665CB6C1-F524-46A2-BF35-931D02EC30D0}.Debug|Any CPU.Build.0 = Debug|Any CPU
		{665CB6C1-F524-46A2-BF35-931D02EC30D0}.Debug|x64.ActiveCfg = Debug|Any CPU
		{665CB6C1-F524-46A2-BF35-931D02EC30D0}.Debug|x64.Build.0 = Debug|Any CPU
		{665CB6C1-F524-46A2-BF35-931D02EC30D0}.Debug|x86.ActiveCfg = Debug|Any CPU
		{665CB6C1-F524-46A2-BF35-931D02EC30D0}.Debug|x86.Build.0 = Debug|Any CPU
		{665CB6C1-F524-46A2-BF35-931D02EC30D0}.Release|Any CPU.ActiveCfg = Release|Any CPU
		{665CB6C1-F524-46A2-BF35-931D02EC30D0}.Release|Any CPU.Build.0 = Release|Any CPU
		{665CB6C1-F524-46A2-BF35-931D02EC30D0}.Release|x64.ActiveCfg = Release|Any CPU
		{665CB6C1-F524-46A2-BF35-931D02EC30D0}.Release|x64.Build.0 = Release|Any CPU
		{665CB6C1-F524-46A2-BF35-931D02EC30D0}.Release|x86.ActiveCfg = Release|Any CPU
		{665CB6C1-F524-46A2-BF35-931D02EC30D0}.Release|x86.Build.0 = Release|Any CPU
	EndGlobalSection
EndGlobal
